Microsoft Visual Studio Solution File, Format Version 12.00
# Visual Studio 14
VisualStudioVersion = 14.0.25420.1
MinimumVisualStudioVersion = 10.0.40219.1
Project("{8BC9CEB8-8B4A-11D0-8D11-00A0C91BC942}") = "TsClientConsole", "TsClientConsole\TsClientConsole.vcxproj", "{D87FAAE2-A6B5-4504-9ECB-D9694BCACF72}"
EndProject
Project("{8BC9CEB8-8B4A-11D0-8D11-00A0C91BC942}") = "TsClientEngine", "TsClientEngine\TsClientEngine.vcxproj", "{67B115AB-7724-4B1D-8131-660F309AFCD1}"
EndProject
Project("{8BC9CEB8-8B4A-11D0-8D11-00A0C91BC942}") = "log4cpp", "log4cpp\msvc10\log4cpp\log4cpp.vcxproj", "{8C796FDD-5BB9-41D5-8471-DDC897C8C486}"
EndProject
Project("{8BC9CEB8-8B4A-11D0-8D11-00A0C91BC942}") = "boost.bootstrap", "boost.bootstrap\boost.bootstrap.vcxproj", "{7C6728B9-C59B-470C-AF25-71B16908D1FC}"
EndProject
Project("{8BC9CEB8-8B4A-11D0-8D11-00A0C91BC942}") = "boost.build", "boost.build\boost.build.vcxproj", "{7AE1E701-0F72-4609-A278-9533F0DDB250}"
EndProject
Global
	GlobalSection(SolutionConfigurationPlatforms) = preSolution
		Debug|x64 = Debug|x64
		Debug|x86 = Debug|x86
		Release|x64 = Release|x64
		Release|x86 = Release|x86
	EndGlobalSection
	GlobalSection(ProjectConfigurationPlatforms) = postSolution
		{D87FAAE2-A6B5-4504-9ECB-D9694BCACF72}.Debug|x64.ActiveCfg = Debug|x64
		{D87FAAE2-A6B5-4504-9ECB-D9694BCACF72}.Debug|x64.Build.0 = Debug|x64
		{D87FAAE2-A6B5-4504-9ECB-D9694BCACF72}.Debug|x86.ActiveCfg = Debug|Win32
		{D87FAAE2-A6B5-4504-9ECB-D9694BCACF72}.Debug|x86.Build.0 = Debug|Win32
		{D87FAAE2-A6B5-4504-9ECB-D9694BCACF72}.Release|x64.ActiveCfg = Release|x64
		{D87FAAE2-A6B5-4504-9ECB-D9694BCACF72}.Release|x64.Build.0 = Release|x64
		{D87FAAE2-A6B5-4504-9ECB-D9694BCACF72}.Release|x86.ActiveCfg = Release|Win32
		{D87FAAE2-A6B5-4504-9ECB-D9694BCACF72}.Release|x86.Build.0 = Release|Win32
		{67B115AB-7724-4B1D-8131-660F309AFCD1}.Debug|x64.ActiveCfg = Debug|x64
		{67B115AB-7724-4B1D-8131-660F309AFCD1}.Debug|x64.Build.0 = Debug|x64
		{67B115AB-7724-4B1D-8131-660F309AFCD1}.Debug|x86.ActiveCfg = Debug|Win32
		{67B115AB-7724-4B1D-8131-660F309AFCD1}.Debug|x86.Build.0 = Debug|Win32
		{67B115AB-7724-4B1D-8131-660F309AFCD1}.Release|x64.ActiveCfg = Release|x64
		{67B115AB-7724-4B1D-8131-660F309AFCD1}.Release|x64.Build.0 = Release|x64
		{67B115AB-7724-4B1D-8131-660F309AFCD1}.Release|x86.ActiveCfg = Release|Win32
		{67B115AB-7724-4B1D-8131-660F309AFCD1}.Release|x86.Build.0 = Release|Win32
		{8C796FDD-5BB9-41D5-8471-DDC897C8C486}.Debug|x64.ActiveCfg = Debug|x64
		{8C796FDD-5BB9-41D5-8471-DDC897C8C486}.Debug|x64.Build.0 = Debug|x64
		{8C796FDD-5BB9-41D5-8471-DDC897C8C486}.Debug|x86.ActiveCfg = Debug|Win32
		{8C796FDD-5BB9-41D5-8471-DDC897C8C486}.Debug|x86.Build.0 = Debug|Win32
		{8C796FDD-5BB9-41D5-8471-DDC897C8C486}.Release|x64.ActiveCfg = Release|x64
		{8C796FDD-5BB9-41D5-8471-DDC897C8C486}.Release|x64.Build.0 = Release|x64
		{8C796FDD-5BB9-41D5-8471-DDC897C8C486}.Release|x86.ActiveCfg = Release|Win32
		{8C796FDD-5BB9-41D5-8471-DDC897C8C486}.Release|x86.Build.0 = Release|Win32
		{7C6728B9-C59B-470C-AF25-71B16908D1FC}.Debug|x64.ActiveCfg = Release|Win32
		{7C6728B9-C59B-470C-AF25-71B16908D1FC}.Debug|x64.Build.0 = Release|Win32
		{7C6728B9-C59B-470C-AF25-71B16908D1FC}.Debug|x86.ActiveCfg = Release|Win32
		{7C6728B9-C59B-470C-AF25-71B16908D1FC}.Debug|x86.Build.0 = Release|Win32
		{7C6728B9-C59B-470C-AF25-71B16908D1FC}.Release|x64.ActiveCfg = Release|Win32
		{7C6728B9-C59B-470C-AF25-71B16908D1FC}.Release|x64.Build.0 = Release|Win32
		{7C6728B9-C59B-470C-AF25-71B16908D1FC}.Release|x86.ActiveCfg = Release|Win32
		{7C6728B9-C59B-470C-AF25-71B16908D1FC}.Release|x86.Build.0 = Release|Win32
		{7AE1E701-0F72-4609-A278-9533F0DDB250}.Debug|x64.ActiveCfg = Release|x64
		{7AE1E701-0F72-4609-A278-9533F0DDB250}.Debug|x64.Build.0 = Release|x64
		{7AE1E701-0F72-4609-A278-9533F0DDB250}.Debug|x86.ActiveCfg = Release|Win32
		{7AE1E701-0F72-4609-A278-9533F0DDB250}.Debug|x86.Build.0 = Release|Win32
		{7AE1E701-0F72-4609-A278-9533F0DDB250}.Release|x64.ActiveCfg = Release|x64
		{7AE1E701-0F72-4609-A278-9533F0DDB250}.Release|x64.Build.0 = Release|x64
		{7AE1E701-0F72-4609-A278-9533F0DDB250}.Release|x86.ActiveCfg = Release|Win32
		{7AE1E701-0F72-4609-A278-9533F0DDB250}.Release|x86.Build.0 = Release|Win32
	EndGlobalSection
	GlobalSection(SolutionProperties) = preSolution
		HideSolutionNode = FALSE
	EndGlobalSection
EndGlobal
